<?xml version="1.0" encoding="UTF-8" standalone="yes" ?>
<CodeBlocks_project_file>
	<FileVersion major="1" minor="6" />
	<Project>
		<Option title="TileGameCoop" />
		<Option makefile="makefile" />
		<Option pch_mode="2" />
		<Option compiler="gcc" />
		<Build>
			<Target title="windebug32">
				<Option output="../bin/windebug32/TileGameCoop" prefix_auto="1" extension_auto="1" />
				<Option working_dir="../res" />
				<Option object_output="../obj/windebug32/" />
				<Option type="1" />
				<Option compiler="gcc" />
				<Compiler>
					<Add option="-std=c++0x" />
					<Add option="-g" />
					<Add directory="../../SDL2_64/include" />
					<Add directory="../../tinyxml2/inc" />
					<Add directory="../../lua/include" />
					<Add directory="engine" />
				</Compiler>
				<Linker>
					<Add option="-lmingw32 -lSDL2main -lSDL2  -lSDL2_image -lSDL2_net" />
					<Add option="-llua53" />
					<Add directory="../../SDL2_64/lib" />
					<Add directory="../../lua/lib" />
				</Linker>
			</Target>
			<Target title="winrelease32">
				<Option output="../bin/winrelease32/TileGameCoop" prefix_auto="1" extension_auto="1" />
				<Option working_dir="../res" />
				<Option object_output="../obj/winrelease32/" />
				<Option type="1" />
				<Option compiler="gcc" />
				<Compiler>
					<Add option="-O2" />
					<Add directory="graphic/" />
					<Add directory="engine/" />
					<Add directory="engine" />
				</Compiler>
				<Linker>
					<Add option="-s" />
				</Linker>
			</Target>
			<Target title="linux">
				<Option output="../bin/linux/TileGameCoop" prefix_auto="1" extension_auto="1" />
				<Option working_dir="../res" />
				<Option object_output="../obj/linux/" />
				<Option type="1" />
				<Option compiler="gcc" />
				<Compiler>
					<Add option="-std=c++0x" />
					<Add directory="engine" />
				</Compiler>
				<Linker>
					<Add option="-lSDL2" />
					<Add option="-lSDL2_image" />
					<Add option="-llua" />
					<Add option="-ldl" />
				</Linker>
			</Target>
			<Target title="linux_debian">
				<Option output="../bin/linux/TileGameCoop" prefix_auto="1" extension_auto="1" />
				<Option working_dir="../res" />
				<Option object_output="../obj/linux_debian/" />
				<Option type="1" />
				<Option compiler="gcc" />
				<Compiler>
					<Add option="-std=c++0x" />
					<Add option="-DIMADEBIAN" />
					<Add directory="engine" />
				</Compiler>
				<Linker>
					<Add option="-lSDL2" />
					<Add option="-lSDL2_image" />
					<Add option="-llua5.3" />
					<Add option="-ldl" />
				</Linker>
			</Target>
		</Build>
		<Compiler>
			<Add option="-Wall" />
		</Compiler>
		<Unit filename="engine/config.cpp" />
		<Unit filename="engine/config.h" />
		<Unit filename="engine/entity.cpp" />
		<Unit filename="engine/entity.h" />
		<Unit filename="engine/framenrate.cpp" />
		<Unit filename="engine/framenrate.h" />
		<Unit filename="engine/game.cpp" />
		<Unit filename="engine/game.h" />
		<Unit filename="engine/input.cpp" />
		<Unit filename="engine/input.h" />
		<Unit filename="engine/level.cpp" />
		<Unit filename="engine/level.h" />
		<Unit filename="engine/particle.cpp" />
		<Unit filename="engine/particle.h" />
		<Unit filename="engine/player.cpp" />
		<Unit filename="engine/player.h" />
		<Unit filename="engine/types.cpp" />
		<Unit filename="engine/types.h" />
		<Unit filename="engine/world.cpp" />
		<Unit filename="engine/world.h" />
		<Unit filename="graphic/font.cpp" />
		<Unit filename="graphic/font.h" />
		<Unit filename="graphic/graphic.cpp" />
		<Unit filename="graphic/graphic.h" />
		<Unit filename="main.cpp" />
		<Unit filename="xml/tinyxml2.cpp" />
		<Unit filename="xml/tinyxml2.h" />
		<Extensions>
			<code_completion />
			<envvars />
			<debugger />
			<lib_finder disable_auto="1" />
		</Extensions>
	</Project>
</CodeBlocks_project_file>
